// !$*UTF8*$!
{
	archiveVersion = 1;
	classes = {
	};
	objectVersion = 55;
	objects = {

/* Begin PBXBuildFile section */
		F1438F1228A2B9D300DC1672 /* AppDelegate.swift in Sources */ = {isa = PBXBuildFile; fileRef = F1438F1128A2B9D300DC1672 /* AppDelegate.swift */; };
		F1438F1428A2B9D300DC1672 /* SceneDelegate.swift in Sources */ = {isa = PBXBuildFile; fileRef = F1438F1328A2B9D300DC1672 /* SceneDelegate.swift */; };
		F1438F1628A2B9D300DC1672 /* ViewController.swift in Sources */ = {isa = PBXBuildFile; fileRef = F1438F1528A2B9D300DC1672 /* ViewController.swift */; };
		F1438F1928A2B9D300DC1672 /* Main.storyboard in Resources */ = {isa = PBXBuildFile; fileRef = F1438F1728A2B9D300DC1672 /* Main.storyboard */; };
		F1438F1B28A2B9D300DC1672 /* Assets.xcassets in Resources */ = {isa = PBXBuildFile; fileRef = F1438F1A28A2B9D300DC1672 /* Assets.xcassets */; };
		F1438F1E28A2B9D300DC1672 /* LaunchScreen.storyboard in Resources */ = {isa = PBXBuildFile; fileRef = F1438F1C28A2B9D300DC1672 /* LaunchScreen.storyboard */; };
		F1438F2928A2B9D400DC1672 /* Bobobox_CloneTests.swift in Sources */ = {isa = PBXBuildFile; fileRef = F1438F2828A2B9D400DC1672 /* Bobobox_CloneTests.swift */; };
		F1438F3328A2B9D400DC1672 /* Bobobox_CloneUITests.swift in Sources */ = {isa = PBXBuildFile; fileRef = F1438F3228A2B9D400DC1672 /* Bobobox_CloneUITests.swift */; };
		F1438F3528A2B9D400DC1672 /* Bobobox_CloneUITestsLaunchTests.swift in Sources */ = {isa = PBXBuildFile; fileRef = F1438F3428A2B9D400DC1672 /* Bobobox_CloneUITestsLaunchTests.swift */; };
		F1671E7728A4F117005A8541 /* PromoCollectionViewCell.swift in Sources */ = {isa = PBXBuildFile; fileRef = F1671E7528A4F117005A8541 /* PromoCollectionViewCell.swift */; };
		F1671E7828A4F117005A8541 /* PromoCollectionViewCell.xib in Resources */ = {isa = PBXBuildFile; fileRef = F1671E7628A4F117005A8541 /* PromoCollectionViewCell.xib */; };
		F185268328A3F10B00FE3DDB /* Roboto in Resources */ = {isa = PBXBuildFile; fileRef = F185268228A3F10B00FE3DDB /* Roboto */; };
		F185268628A3F52E00FE3DDB /* UIView.swift in Sources */ = {isa = PBXBuildFile; fileRef = F185268528A3F52E00FE3DDB /* UIView.swift */; };
		F1DCCF5428A5289A0022061A /* UpdateCollectionViewCell.swift in Sources */ = {isa = PBXBuildFile; fileRef = F1DCCF5228A5289A0022061A /* UpdateCollectionViewCell.swift */; };
		F1DCCF5528A5289A0022061A /* UpdateCollectionViewCell.xib in Resources */ = {isa = PBXBuildFile; fileRef = F1DCCF5328A5289A0022061A /* UpdateCollectionViewCell.xib */; };
		F1DCCF5728A53DA80022061A /* StayViewController.swift in Sources */ = {isa = PBXBuildFile; fileRef = F1DCCF5628A53DA80022061A /* StayViewController.swift */; };
		F1EDBA9D28A394650038A564 /* BaseViewController.swift in Sources */ = {isa = PBXBuildFile; fileRef = F1EDBA9C28A394650038A564 /* BaseViewController.swift */; };
		F1EDBA9F28A3955D0038A564 /* HomeViewController.swift in Sources */ = {isa = PBXBuildFile; fileRef = F1EDBA9E28A3955D0038A564 /* HomeViewController.swift */; };
/* End PBXBuildFile section */

/* Begin PBXContainerItemProxy section */
		F1438F2528A2B9D400DC1672 /* PBXContainerItemProxy */ = {
			isa = PBXContainerItemProxy;
			containerPortal = F1438F0628A2B9D300DC1672 /* Project object */;
			proxyType = 1;
			remoteGlobalIDString = F1438F0D28A2B9D300DC1672;
			remoteInfo = "Bobobox Clone";
		};
		F1438F2F28A2B9D400DC1672 /* PBXContainerItemProxy */ = {
			isa = PBXContainerItemProxy;
			containerPortal = F1438F0628A2B9D300DC1672 /* Project object */;
			proxyType = 1;
			remoteGlobalIDString = F1438F0D28A2B9D300DC1672;
			remoteInfo = "Bobobox Clone";
		};
/* End PBXContainerItemProxy section */

/* Begin PBXFileReference section */
		F1438F0E28A2B9D300DC1672 /* Bobobox Clone.app */ = {isa = PBXFileReference; explicitFileType = wrapper.application; includeInIndex = 0; path = "Bobobox Clone.app"; sourceTree = BUILT_PRODUCTS_DIR; };
		F1438F1128A2B9D300DC1672 /* AppDelegate.swift */ = {isa = PBXFileReference; lastKnownFileType = sourcecode.swift; path = AppDelegate.swift; sourceTree = "<group>"; };
		F1438F1328A2B9D300DC1672 /* SceneDelegate.swift */ = {isa = PBXFileReference; lastKnownFileType = sourcecode.swift; path = SceneDelegate.swift; sourceTree = "<group>"; };
		F1438F1528A2B9D300DC1672 /* ViewController.swift */ = {isa = PBXFileReference; lastKnownFileType = sourcecode.swift; path = ViewController.swift; sourceTree = "<group>"; };
		F1438F1828A2B9D300DC1672 /* Base */ = {isa = PBXFileReference; lastKnownFileType = file.storyboard; name = Base; path = Base.lproj/Main.storyboard; sourceTree = "<group>"; };
		F1438F1A28A2B9D300DC1672 /* Assets.xcassets */ = {isa = PBXFileReference; lastKnownFileType = folder.assetcatalog; path = Assets.xcassets; sourceTree = "<group>"; };
		F1438F1D28A2B9D300DC1672 /* Base */ = {isa = PBXFileReference; lastKnownFileType = file.storyboard; name = Base; path = Base.lproj/LaunchScreen.storyboard; sourceTree = "<group>"; };
		F1438F1F28A2B9D300DC1672 /* Info.plist */ = {isa = PBXFileReference; lastKnownFileType = text.plist.xml; path = Info.plist; sourceTree = "<group>"; };
		F1438F2428A2B9D400DC1672 /* Bobobox CloneTests.xctest */ = {isa = PBXFileReference; explicitFileType = wrapper.cfbundle; includeInIndex = 0; path = "Bobobox CloneTests.xctest"; sourceTree = BUILT_PRODUCTS_DIR; };
		F1438F2828A2B9D400DC1672 /* Bobobox_CloneTests.swift */ = {isa = PBXFileReference; lastKnownFileType = sourcecode.swift; path = Bobobox_CloneTests.swift; sourceTree = "<group>"; };
		F1438F2E28A2B9D400DC1672 /* Bobobox CloneUITests.xctest */ = {isa = PBXFileReference; explicitFileType = wrapper.cfbundle; includeInIndex = 0; path = "Bobobox CloneUITests.xctest"; sourceTree = BUILT_PRODUCTS_DIR; };
		F1438F3228A2B9D400DC1672 /* Bobobox_CloneUITests.swift */ = {isa = PBXFileReference; lastKnownFileType = sourcecode.swift; path = Bobobox_CloneUITests.swift; sourceTree = "<group>"; };
		F1438F3428A2B9D400DC1672 /* Bobobox_CloneUITestsLaunchTests.swift */ = {isa = PBXFileReference; lastKnownFileType = sourcecode.swift; path = Bobobox_CloneUITestsLaunchTests.swift; sourceTree = "<group>"; };
		F1671E7528A4F117005A8541 /* PromoCollectionViewCell.swift */ = {isa = PBXFileReference; lastKnownFileType = sourcecode.swift; path = PromoCollectionViewCell.swift; sourceTree = "<group>"; };
		F1671E7628A4F117005A8541 /* PromoCollectionViewCell.xib */ = {isa = PBXFileReference; lastKnownFileType = file.xib; path = PromoCollectionViewCell.xib; sourceTree = "<group>"; };
		F185268228A3F10B00FE3DDB /* Roboto */ = {isa = PBXFileReference; lastKnownFileType = folder; path = Roboto; sourceTree = "<group>"; };
		F185268528A3F52E00FE3DDB /* UIView.swift */ = {isa = PBXFileReference; lastKnownFileType = sourcecode.swift; path = UIView.swift; sourceTree = "<group>"; };
		F1DCCF5228A5289A0022061A /* UpdateCollectionViewCell.swift */ = {isa = PBXFileReference; lastKnownFileType = sourcecode.swift; path = UpdateCollectionViewCell.swift; sourceTree = "<group>"; };
		F1DCCF5328A5289A0022061A /* UpdateCollectionViewCell.xib */ = {isa = PBXFileReference; lastKnownFileType = file.xib; path = UpdateCollectionViewCell.xib; sourceTree = "<group>"; };
		F1DCCF5628A53DA80022061A /* StayViewController.swift */ = {isa = PBXFileReference; lastKnownFileType = sourcecode.swift; path = StayViewController.swift; sourceTree = "<group>"; };
		F1EDBA9C28A394650038A564 /* BaseViewController.swift */ = {isa = PBXFileReference; lastKnownFileType = sourcecode.swift; path = BaseViewController.swift; sourceTree = "<group>"; };
		F1EDBA9E28A3955D0038A564 /* HomeViewController.swift */ = {isa = PBXFileReference; lastKnownFileType = sourcecode.swift; path = HomeViewController.swift; sourceTree = "<group>"; };
/* End PBXFileReference section */

/* Begin PBXFrameworksBuildPhase section */
		F1438F0B28A2B9D300DC1672 /* Frameworks */ = {
			isa = PBXFrameworksBuildPhase;
			buildActionMask = 2147483647;
			files = (
			);
			runOnlyForDeploymentPostprocessing = 0;
		};
		F1438F2128A2B9D400DC1672 /* Frameworks */ = {
			isa = PBXFrameworksBuildPhase;
			buildActionMask = 2147483647;
			files = (
			);
			runOnlyForDeploymentPostprocessing = 0;
		};
		F1438F2B28A2B9D400DC1672 /* Frameworks */ = {
			isa = PBXFrameworksBuildPhase;
			buildActionMask = 2147483647;
			files = (
			);
			runOnlyForDeploymentPostprocessing = 0;
		};
/* End PBXFrameworksBuildPhase section */

/* Begin PBXGroup section */
		F1438F0528A2B9D300DC1672 = {
			isa = PBXGroup;
			children = (
				F1438F1028A2B9D300DC1672 /* Bobobox Clone */,
				F1438F2728A2B9D400DC1672 /* Bobobox CloneTests */,
				F1438F3128A2B9D400DC1672 /* Bobobox CloneUITests */,
				F1438F0F28A2B9D300DC1672 /* Products */,
			);
			sourceTree = "<group>";
		};
		F1438F0F28A2B9D300DC1672 /* Products */ = {
			isa = PBXGroup;
			children = (
				F1438F0E28A2B9D300DC1672 /* Bobobox Clone.app */,
				F1438F2428A2B9D400DC1672 /* Bobobox CloneTests.xctest */,
				F1438F2E28A2B9D400DC1672 /* Bobobox CloneUITests.xctest */,
			);
			name = Products;
			sourceTree = "<group>";
		};
		F1438F1028A2B9D300DC1672 /* Bobobox Clone */ = {
			isa = PBXGroup;
			children = (
				F185268428A3F4FE00FE3DDB /* Exstensions */,
				F185268128A3F0F800FE3DDB /* Resources */,
				F1438F1128A2B9D300DC1672 /* AppDelegate.swift */,
				F1438F1328A2B9D300DC1672 /* SceneDelegate.swift */,
				F1EDBA9B28A394560038A564 /* Controllers */,
				F1EDBA9A28A394480038A564 /* Views */,
				F1438F1A28A2B9D300DC1672 /* Assets.xcassets */,
				F1438F1F28A2B9D300DC1672 /* Info.plist */,
			);
			path = "Bobobox Clone";
			sourceTree = "<group>";
		};
		F1438F2728A2B9D400DC1672 /* Bobobox CloneTests */ = {
			isa = PBXGroup;
			children = (
				F1438F2828A2B9D400DC1672 /* Bobobox_CloneTests.swift */,
			);
			path = "Bobobox CloneTests";
			sourceTree = "<group>";
		};
		F1438F3128A2B9D400DC1672 /* Bobobox CloneUITests */ = {
			isa = PBXGroup;
			children = (
				F1438F3228A2B9D400DC1672 /* Bobobox_CloneUITests.swift */,
				F1438F3428A2B9D400DC1672 /* Bobobox_CloneUITestsLaunchTests.swift */,
			);
			path = "Bobobox CloneUITests";
			sourceTree = "<group>";
		};
		F185268128A3F0F800FE3DDB /* Resources */ = {
			isa = PBXGroup;
			children = (
				F185268228A3F10B00FE3DDB /* Roboto */,
			);
			path = Resources;
			sourceTree = "<group>";
		};
		F185268428A3F4FE00FE3DDB /* Exstensions */ = {
			isa = PBXGroup;
			children = (
				F185268528A3F52E00FE3DDB /* UIView.swift */,
			);
			path = Exstensions;
			sourceTree = "<group>";
		};
		F1EDBA9A28A394480038A564 /* Views */ = {
			isa = PBXGroup;
			children = (
				F1438F1C28A2B9D300DC1672 /* LaunchScreen.storyboard */,
				F1438F1728A2B9D300DC1672 /* Main.storyboard */,
				F1DCCF5328A5289A0022061A /* UpdateCollectionViewCell.xib */,
				F1671E7628A4F117005A8541 /* PromoCollectionViewCell.xib */,
			);
			path = Views;
			sourceTree = "<group>";
		};
		F1EDBA9B28A394560038A564 /* Controllers */ = {
			isa = PBXGroup;
			children = (
				F1438F1528A2B9D300DC1672 /* ViewController.swift */,
				F1EDBA9C28A394650038A564 /* BaseViewController.swift */,
				F1EDBA9E28A3955D0038A564 /* HomeViewController.swift */,
				F1671E7528A4F117005A8541 /* PromoCollectionViewCell.swift */,
				F1DCCF5228A5289A0022061A /* UpdateCollectionViewCell.swift */,
				F1DCCF5628A53DA80022061A /* StayViewController.swift */,
			);
			path = Controllers;
			sourceTree = "<group>";
		};
/* End PBXGroup section */

/* Begin PBXNativeTarget section */
		F1438F0D28A2B9D300DC1672 /* Bobobox Clone */ = {
			isa = PBXNativeTarget;
			buildConfigurationList = F1438F3828A2B9D400DC1672 /* Build configuration list for PBXNativeTarget "Bobobox Clone" */;
			buildPhases = (
				F1438F0A28A2B9D300DC1672 /* Sources */,
				F1438F0B28A2B9D300DC1672 /* Frameworks */,
				F1438F0C28A2B9D300DC1672 /* Resources */,
			);
			buildRules = (
			);
			dependencies = (
			);
			name = "Bobobox Clone";
			productName = "Bobobox Clone";
			productReference = F1438F0E28A2B9D300DC1672 /* Bobobox Clone.app */;
			productType = "com.apple.product-type.application";
		};
		F1438F2328A2B9D400DC1672 /* Bobobox CloneTests */ = {
			isa = PBXNativeTarget;
			buildConfigurationList = F1438F3B28A2B9D400DC1672 /* Build configuration list for PBXNativeTarget "Bobobox CloneTests" */;
			buildPhases = (
				F1438F2028A2B9D400DC1672 /* Sources */,
				F1438F2128A2B9D400DC1672 /* Frameworks */,
				F1438F2228A2B9D400DC1672 /* Resources */,
			);
			buildRules = (
			);
			dependencies = (
				F1438F2628A2B9D400DC1672 /* PBXTargetDependency */,
			);
			name = "Bobobox CloneTests";
			productName = "Bobobox CloneTests";
			productReference = F1438F2428A2B9D400DC1672 /* Bobobox CloneTests.xctest */;
			productType = "com.apple.product-type.bundle.unit-test";
		};
		F1438F2D28A2B9D400DC1672 /* Bobobox CloneUITests */ = {
			isa = PBXNativeTarget;
			buildConfigurationList = F1438F3E28A2B9D400DC1672 /* Build configuration list for PBXNativeTarget "Bobobox CloneUITests" */;
			buildPhases = (
				F1438F2A28A2B9D400DC1672 /* Sources */,
				F1438F2B28A2B9D400DC1672 /* Frameworks */,
				F1438F2C28A2B9D400DC1672 /* Resources */,
			);
			buildRules = (
			);
			dependencies = (
				F1438F3028A2B9D400DC1672 /* PBXTargetDependency */,
			);
			name = "Bobobox CloneUITests";
			productName = "Bobobox CloneUITests";
			productReference = F1438F2E28A2B9D400DC1672 /* Bobobox CloneUITests.xctest */;
			productType = "com.apple.product-type.bundle.ui-testing";
		};
/* End PBXNativeTarget section */

/* Begin PBXProject section */
		F1438F0628A2B9D300DC1672 /* Project object */ = {
			isa = PBXProject;
			attributes = {
				BuildIndependentTargetsInParallel = 1;
				LastSwiftUpdateCheck = 1340;
				LastUpgradeCheck = 1340;
				TargetAttributes = {
					F1438F0D28A2B9D300DC1672 = {
						CreatedOnToolsVersion = 13.4.1;
					};
					F1438F2328A2B9D400DC1672 = {
						CreatedOnToolsVersion = 13.4.1;
						TestTargetID = F1438F0D28A2B9D300DC1672;
					};
					F1438F2D28A2B9D400DC1672 = {
						CreatedOnToolsVersion = 13.4.1;
						TestTargetID = F1438F0D28A2B9D300DC1672;
					};
				};
			};
			buildConfigurationList = F1438F0928A2B9D300DC1672 /* Build configuration list for PBXProject "Bobobox Clone" */;
			compatibilityVersion = "Xcode 13.0";
			developmentRegion = en;
			hasScannedForEncodings = 0;
			knownRegions = (
				en,
				Base,
			);
			mainGroup = F1438F0528A2B9D300DC1672;
			productRefGroup = F1438F0F28A2B9D300DC1672 /* Products */;
			projectDirPath = "";
			projectRoot = "";
			targets = (
				F1438F0D28A2B9D300DC1672 /* Bobobox Clone */,
				F1438F2328A2B9D400DC1672 /* Bobobox CloneTests */,
				F1438F2D28A2B9D400DC1672 /* Bobobox CloneUITests */,
			);
		};
/* End PBXProject section */

/* Begin PBXResourcesBuildPhase section */
		F1438F0C28A2B9D300DC1672 /* Resources */ = {
			isa = PBXResourcesBuildPhase;
			buildActionMask = 2147483647;
			files = (
				F1438F1E28A2B9D300DC1672 /* LaunchScreen.storyboard in Resources */,
				F1438F1B28A2B9D300DC1672 /* Assets.xcassets in Resources */,
				F1671E7828A4F117005A8541 /* PromoCollectionViewCell.xib in Resources */,
				F1DCCF5528A5289A0022061A /* UpdateCollectionViewCell.xib in Resources */,
				F1438F1928A2B9D300DC1672 /* Main.storyboard in Resources */,
				F185268328A3F10B00FE3DDB /* Roboto in Resources */,
			);
			runOnlyForDeploymentPostprocessing = 0;
		};
		F1438F2228A2B9D400DC1672 /* Resources */ = {
			isa = PBXResourcesBuildPhase;
			buildActionMask = 2147483647;
			files = (
			);
			runOnlyForDeploymentPostprocessing = 0;
		};
		F1438F2C28A2B9D400DC1672 /* Resources */ = {
			isa = PBXResourcesBuildPhase;
			buildActionMask = 2147483647;
			files = (
			);
			runOnlyForDeploymentPostprocessing = 0;
		};
/* End PBXResourcesBuildPhase section */

/* Begin PBXSourcesBuildPhase section */
		F1438F0A28A2B9D300DC1672 /* Sources */ = {
			isa = PBXSourcesBuildPhase;
			buildActionMask = 2147483647;
			files = (
				F1EDBA9F28A3955D0038A564 /* HomeViewController.swift in Sources */,
				F1438F1628A2B9D300DC1672 /* ViewController.swift in Sources */,
				F1EDBA9D28A394650038A564 /* BaseViewController.swift in Sources */,
				F1DCCF5728A53DA80022061A /* StayViewController.swift in Sources */,
				F1DCCF5428A5289A0022061A /* UpdateCollectionViewCell.swift in Sources */,
				F1438F1228A2B9D300DC1672 /* AppDelegate.swift in Sources */,
				F185268628A3F52E00FE3DDB /* UIView.swift in Sources */,
				F1438F1428A2B9D300DC1672 /* SceneDelegate.swift in Sources */,
				F1671E7728A4F117005A8541 /* PromoCollectionViewCell.swift in Sources */,
			);
			runOnlyForDeploymentPostprocessing = 0;
		};
		F1438F2028A2B9D400DC1672 /* Sources */ = {
			isa = PBXSourcesBuildPhase;
			buildActionMask = 2147483647;
			files = (
				F1438F2928A2B9D400DC1672 /* Bobobox_CloneTests.swift in Sources */,
			);
			runOnlyForDeploymentPostprocessing = 0;
		};
		F1438F2A28A2B9D400DC1672 /* Sources */ = {
			isa = PBXSourcesBuildPhase;
			buildActionMask = 2147483647;
			files = (
				F1438F3528A2B9D400DC1672 /* Bobobox_CloneUITestsLaunchTests.swift in Sources */,
				F1438F3328A2B9D400DC1672 /* Bobobox_CloneUITests.swift in Sources */,
			);
			runOnlyForDeploymentPostprocessing = 0;
		};
/* End PBXSourcesBuildPhase section */

/* Begin PBXTargetDependency section */
		F1438F2628A2B9D400DC1672 /* PBXTargetDependency */ = {
			isa = PBXTargetDependency;
			target = F1438F0D28A2B9D300DC1672 /* Bobobox Clone */;
			targetProxy = F1438F2528A2B9D400DC1672 /* PBXContainerItemProxy */;
		};
		F1438F3028A2B9D400DC1672 /* PBXTargetDependency */ = {
			isa = PBXTargetDependency;
			target = F1438F0D28A2B9D300DC1672 /* Bobobox Clone */;
			targetProxy = F1438F2F28A2B9D400DC1672 /* PBXContainerItemProxy */;
		};
/* End PBXTargetDependency section */

/* Begin PBXVariantGroup section */
		F1438F1728A2B9D300DC1672 /* Main.storyboard */ = {
			isa = PBXVariantGroup;
			children = (
				F1438F1828A2B9D300DC1672 /* Base */,
			);
			name = Main.storyboard;
			sourceTree = "<group>";
		};
		F1438F1C28A2B9D300DC1672 /* LaunchScreen.storyboard */ = {
			isa = PBXVariantGroup;
			children = (
				F1438F1D28A2B9D300DC1672 /* Base */,
			);
			name = LaunchScreen.storyboard;
			sourceTree = "<group>";
		};
/* End PBXVariantGroup section */

/* Begin XCBuildConfiguration section */
		F1438F3628A2B9D400DC1672 /* Debug */ = {
			isa = XCBuildConfiguration;
			buildSettings = {
				ALWAYS_SEARCH_USER_PATHS = NO;
				CLANG_ANALYZER_NONNULL = YES;
				CLANG_ANALYZER_NUMBER_OBJECT_CONVERSION = YES_AGGRESSIVE;
				CLANG_CXX_LANGUAGE_STANDARD = "gnu++17";
				CLANG_ENABLE_MODULES = YES;
				CLANG_ENABLE_OBJC_ARC = YES;
				CLANG_ENABLE_OBJC_WEAK = YES;
				CLANG_WARN_BLOCK_CAPTURE_AUTORELEASING = YES;
				CLANG_WARN_BOOL_CONVERSION = YES;
				CLANG_WARN_COMMA = YES;
				CLANG_WARN_CONSTANT_CONVERSION = YES;
				CLANG_WARN_DEPRECATED_OBJC_IMPLEMENTATIONS = YES;
				CLANG_WARN_DIRECT_OBJC_ISA_USAGE = YES_ERROR;
				CLANG_WARN_DOCUMENTATION_COMMENTS = YES;
				CLANG_WARN_EMPTY_BODY = YES;
				CLANG_WARN_ENUM_CONVERSION = YES;
				CLANG_WARN_INFINITE_RECURSION = YES;
				CLANG_WARN_INT_CONVERSION = YES;
				CLANG_WARN_NON_LITERAL_NULL_CONVERSION = YES;
				CLANG_WARN_OBJC_IMPLICIT_RETAIN_SELF = YES;
				CLANG_WARN_OBJC_LITERAL_CONVERSION = YES;
				CLANG_WARN_OBJC_ROOT_CLASS = YES_ERROR;
				CLANG_WARN_QUOTED_INCLUDE_IN_FRAMEWORK_HEADER = YES;
				CLANG_WARN_RANGE_LOOP_ANALYSIS = YES;
				CLANG_WARN_STRICT_PROTOTYPES = YES;
				CLANG_WARN_SUSPICIOUS_MOVE = YES;
				CLANG_WARN_UNGUARDED_AVAILABILITY = YES_AGGRESSIVE;
				CLANG_WARN_UNREACHABLE_CODE = YES;
				CLANG_WARN__DUPLICATE_METHOD_MATCH = YES;
				COPY_PHASE_STRIP = NO;
				DEBUG_INFORMATION_FORMAT = dwarf;
				ENABLE_STRICT_OBJC_MSGSEND = YES;
				ENABLE_TESTABILITY = YES;
				GCC_C_LANGUAGE_STANDARD = gnu11;
				GCC_DYNAMIC_NO_PIC = NO;
				GCC_NO_COMMON_BLOCKS = YES;
				GCC_OPTIMIZATION_LEVEL = 0;
				GCC_PREPROCESSOR_DEFINITIONS = (
					"DEBUG=1",
					"$(inherited)",
				);
				GCC_WARN_64_TO_32_BIT_CONVERSION = YES;
				GCC_WARN_ABOUT_RETURN_TYPE = YES_ERROR;
				GCC_WARN_UNDECLARED_SELECTOR = YES;
				GCC_WARN_UNINITIALIZED_AUTOS = YES_AGGRESSIVE;
				GCC_WARN_UNUSED_FUNCTION = YES;
				GCC_WARN_UNUSED_VARIABLE = YES;
				IPHONEOS_DEPLOYMENT_TARGET = 15.5;
				MTL_ENABLE_DEBUG_INFO = INCLUDE_SOURCE;
				MTL_FAST_MATH = YES;
				ONLY_ACTIVE_ARCH = YES;
				SDKROOT = iphoneos;
				SWIFT_ACTIVE_COMPILATION_CONDITIONS = DEBUG;
				SWIFT_OPTIMIZATION_LEVEL = "-Onone";
			};
			name = Debug;
		};
		F1438F3728A2B9D400DC1672 /* Release */ = {
			isa = XCBuildConfiguration;
			buildSettings = {
				ALWAYS_SEARCH_USER_PATHS = NO;
				CLANG_ANALYZER_NONNULL = YES;
				CLANG_ANALYZER_NUMBER_OBJECT_CONVERSION = YES_AGGRESSIVE;
				CLANG_CXX_LANGUAGE_STANDARD = "gnu++17";
				CLANG_ENABLE_MODULES = YES;
				CLANG_ENABLE_OBJC_ARC = YES;
				CLANG_ENABLE_OBJC_WEAK = YES;
				CLANG_WARN_BLOCK_CAPTURE_AUTORELEASING = YES;
				CLANG_WARN_BOOL_CONVERSION = YES;
				CLANG_WARN_COMMA = YES;
				CLANG_WARN_CONSTANT_CONVERSION = YES;
				CLANG_WARN_DEPRECATED_OBJC_IMPLEMENTATIONS = YES;
				CLANG_WARN_DIRECT_OBJC_ISA_USAGE = YES_ERROR;
				CLANG_WARN_DOCUMENTATION_COMMENTS = YES;
				CLANG_WARN_EMPTY_BODY = YES;
				CLANG_WARN_ENUM_CONVERSION = YES;
				CLANG_WARN_INFINITE_RECURSION = YES;
				CLANG_WARN_INT_CONVERSION = YES;
				CLANG_WARN_NON_LITERAL_NULL_CONVERSION = YES;
				CLANG_WARN_OBJC_IMPLICIT_RETAIN_SELF = YES;
				CLANG_WARN_OBJC_LITERAL_CONVERSION = YES;
				CLANG_WARN_OBJC_ROOT_CLASS = YES_ERROR;
				CLANG_WARN_QUOTED_INCLUDE_IN_FRAMEWORK_HEADER = YES;
				CLANG_WARN_RANGE_LOOP_ANALYSIS = YES;
				CLANG_WARN_STRICT_PROTOTYPES = YES;
				CLANG_WARN_SUSPICIOUS_MOVE = YES;
				CLANG_WARN_UNGUARDED_AVAILABILITY = YES_AGGRESSIVE;
				CLANG_WARN_UNREACHABLE_CODE = YES;
				CLANG_WARN__DUPLICATE_METHOD_MATCH = YES;
				COPY_PHASE_STRIP = NO;
				DEBUG_INFORMATION_FORMAT = "dwarf-with-dsym";
				ENABLE_NS_ASSERTIONS = NO;
				ENABLE_STRICT_OBJC_MSGSEND = YES;
				GCC_C_LANGUAGE_STANDARD = gnu11;
				GCC_NO_COMMON_BLOCKS = YES;
				GCC_WARN_64_TO_32_BIT_CONVERSION = YES;
				GCC_WARN_ABOUT_RETURN_TYPE = YES_ERROR;
				GCC_WARN_UNDECLARED_SELECTOR = YES;
				GCC_WARN_UNINITIALIZED_AUTOS = YES_AGGRESSIVE;
				GCC_WARN_UNUSED_FUNCTION = YES;
				GCC_WARN_UNUSED_VARIABLE = YES;
				IPHONEOS_DEPLOYMENT_TARGET = 15.5;
				MTL_ENABLE_DEBUG_INFO = NO;
				MTL_FAST_MATH = YES;
				SDKROOT = iphoneos;
				SWIFT_COMPILATION_MODE = wholemodule;
				SWIFT_OPTIMIZATION_LEVEL = "-O";
				VALIDATE_PRODUCT = YES;
			};
			name = Release;
		};
		F1438F3928A2B9D400DC1672 /* Debug */ = {
			isa = XCBuildConfiguration;
			buildSettings = {
				ASSETCATALOG_COMPILER_APPICON_NAME = AppIcon;
				ASSETCATALOG_COMPILER_GLOBAL_ACCENT_COLOR_NAME = AccentColor;
				CODE_SIGN_STYLE = Automatic;
				CURRENT_PROJECT_VERSION = 1;
				GENERATE_INFOPLIST_FILE = YES;
				INFOPLIST_FILE = "Bobobox Clone/Info.plist";
				INFOPLIST_KEY_UIApplicationSupportsIndirectInputEvents = YES;
				INFOPLIST_KEY_UILaunchStoryboardName = LaunchScreen;
				INFOPLIST_KEY_UIMainStoryboardFile = Main;
				INFOPLIST_KEY_UISupportedInterfaceOrientations_iPad = "UIInterfaceOrientationPortrait UIInterfaceOrientationPortraitUpsideDown UIInterfaceOrientationLandscapeLeft UIInterfaceOrientationLandscapeRight";
				INFOPLIST_KEY_UISupportedInterfaceOrientations_iPhone = "UIInterfaceOrientationPortrait UIInterfaceOrientationLandscapeLeft UIInterfaceOrientationLandscapeRight";
				LD_RUNPATH_SEARCH_PATHS = (
					"$(inherited)",
					"@executable_path/Frameworks",
				);
				MARKETING_VERSION = 1.0;
				PRODUCT_BUNDLE_IDENTIFIER = "com.app.Bobobox-Clone";
				PRODUCT_NAME = "$(TARGET_NAME)";
				SWIFT_EMIT_LOC_STRINGS = YES;
				SWIFT_VERSION = 5.0;
				TARGETED_DEVICE_FAMILY = "1,2";
			};
			name = Debug;
		};
		F1438F3A28A2B9D400DC1672 /* Release */ = {
			isa = XCBuildConfiguration;
			buildSettings = {
				ASSETCATALOG_COMPILER_APPICON_NAME = AppIcon;
				ASSETCATALOG_COMPILER_GLOBAL_ACCENT_COLOR_NAME = AccentColor;
				CODE_SIGN_STYLE = Automatic;
				CURRENT_PROJECT_VERSION = 1;
				GENERATE_INFOPLIST_FILE = YES;
				INFOPLIST_FILE = "Bobobox Clone/Info.plist";
				INFOPLIST_KEY_UIApplicationSupportsIndirectInputEvents = YES;
				INFOPLIST_KEY_UILaunchStoryboardName = LaunchScreen;
				INFOPLIST_KEY_UIMainStoryboardFile = Main;
				INFOPLIST_KEY_UISupportedInterfaceOrientations_iPad = "UIInterfaceOrientationPortrait UIInterfaceOrientationPortraitUpsideDown UIInterfaceOrientationLandscapeLeft UIInterfaceOrientationLandscapeRight";
				INFOPLIST_KEY_UISupportedInterfaceOrientations_iPhone = "UIInterfaceOrientationPortrait UIInterfaceOrientationLandscapeLeft UIInterfaceOrientationLandscapeRight";
				LD_RUNPATH_SEARCH_PATHS = (
					"$(inherited)",
					"@executable_path/Frameworks",
				);
				MARKETING_VERSION = 1.0;
				PRODUCT_BUNDLE_IDENTIFIER = "com.app.Bobobox-Clone";
				PRODUCT_NAME = "$(TARGET_NAME)";
				SWIFT_EMIT_LOC_STRINGS = YES;
				SWIFT_VERSION = 5.0;
				TARGETED_DEVICE_FAMILY = "1,2";
			};
			name = Release;
		};
		F1438F3C28A2B9D400DC1672 /* Debug */ = {
			isa = XCBuildConfiguration;
			buildSettings = {
				ALWAYS_EMBED_SWIFT_STANDARD_LIBRARIES = YES;
				BUNDLE_LOADER = "$(TEST_HOST)";
				CODE_SIGN_STYLE = Automatic;
				CURRENT_PROJECT_VERSION = 1;
				GENERATE_INFOPLIST_FILE = YES;
				IPHONEOS_DEPLOYMENT_TARGET = 15.5;
				MARKETING_VERSION = 1.0;
				PRODUCT_BUNDLE_IDENTIFIER = "com.app.Bobobox-CloneTests";
				PRODUCT_NAME = "$(TARGET_NAME)";
				SWIFT_EMIT_LOC_STRINGS = NO;
				SWIFT_VERSION = 5.0;
				TARGETED_DEVICE_FAMILY = "1,2";
				TEST_HOST = "$(BUILT_PRODUCTS_DIR)/Bobobox Clone.app/Bobobox Clone";
			};
			name = Debug;
		};
		F1438F3D28A2B9D400DC1672 /* Release */ = {
			isa = XCBuildConfiguration;
			buildSettings = {
				ALWAYS_EMBED_SWIFT_STANDARD_LIBRARIES = YES;
				BUNDLE_LOADER = "$(TEST_HOST)";
				CODE_SIGN_STYLE = Automatic;
				CURRENT_PROJECT_VERSION = 1;
				GENERATE_INFOPLIST_FILE = YES;
				IPHONEOS_DEPLOYMENT_TARGET = 15.5;
				MARKETING_VERSION = 1.0;
				PRODUCT_BUNDLE_IDENTIFIER = "com.app.Bobobox-CloneTests";
				PRODUCT_NAME = "$(TARGET_NAME)";
				SWIFT_EMIT_LOC_STRINGS = NO;
				SWIFT_VERSION = 5.0;
				TARGETED_DEVICE_FAMILY = "1,2";
				TEST_HOST = "$(BUILT_PRODUCTS_DIR)/Bobobox Clone.app/Bobobox Clone";
			};
			name = Release;
		};
		F1438F3F28A2B9D400DC1672 /* Debug */ = {
			isa = XCBuildConfiguration;
			buildSettings = {
				ALWAYS_EMBED_SWIFT_STANDARD_LIBRARIES = YES;
				CODE_SIGN_STYLE = Automatic;
				CURRENT_PROJECT_VERSION = 1;
				GENERATE_INFOPLIST_FILE = YES;
				MARKETING_VERSION = 1.0;
				PRODUCT_BUNDLE_IDENTIFIER = "com.app.Bobobox-CloneUITests";
				PRODUCT_NAME = "$(TARGET_NAME)";
				SWIFT_EMIT_LOC_STRINGS = NO;
				SWIFT_VERSION = 5.0;
				TARGETED_DEVICE_FAMILY = "1,2";
				TEST_TARGET_NAME = "Bobobox Clone";
			};
			name = Debug;
		};
		F1438F4028A2B9D400DC1672 /* Release */ = {
			isa = XCBuildConfiguration;
			buildSettings = {
				ALWAYS_EMBED_SWIFT_STANDARD_LIBRARIES = YES;
				CODE_SIGN_STYLE = Automatic;
				CURRENT_PROJECT_VERSION = 1;
				GENERATE_INFOPLIST_FILE = YES;
				MARKETING_VERSION = 1.0;
				PRODUCT_BUNDLE_IDENTIFIER = "com.app.Bobobox-CloneUITests";
				PRODUCT_NAME = "$(TARGET_NAME)";
				SWIFT_EMIT_LOC_STRINGS = NO;
				SWIFT_VERSION = 5.0;
				TARGETED_DEVICE_FAMILY = "1,2";
				TEST_TARGET_NAME = "Bobobox Clone";
			};
			name = Release;
		};
/* End XCBuildConfiguration section */

/* Begin XCConfigurationList section */
		F1438F0928A2B9D300DC1672 /* Build configuration list for PBXProject "Bobobox Clone" */ = {
			isa = XCConfigurationList;
			buildConfigurations = (
				F1438F3628A2B9D400DC1672 /* Debug */,
				F1438F3728A2B9D400DC1672 /* Release */,
			);
			defaultConfigurationIsVisible = 0;
			defaultConfigurationName = Release;
		};
		F1438F3828A2B9D400DC1672 /* Build configuration list for PBXNativeTarget "Bobobox Clone" */ = {
			isa = XCConfigurationList;
			buildConfigurations = (
				F1438F3928A2B9D400DC1672 /* Debug */,
				F1438F3A28A2B9D400DC1672 /* Release */,
			);
			defaultConfigurationIsVisible = 0;
			defaultConfigurationName = Release;
		};
		F1438F3B28A2B9D400DC1672 /* Build configuration list for PBXNativeTarget "Bobobox CloneTests" */ = {
			isa = XCConfigurationList;
			buildConfigurations = (
				F1438F3C28A2B9D400DC1672 /* Debug */,
				F1438F3D28A2B9D400DC1672 /* Release */,
			);
			defaultConfigurationIsVisible = 0;
			defaultConfigurationName = Release;
		};
		F1438F3E28A2B9D400DC1672 /* Build configuration list for PBXNativeTarget "Bobobox CloneUITests" */ = {
			isa = XCConfigurationList;
			buildConfigurations = (
				F1438F3F28A2B9D400DC1672 /* Debug */,
				F1438F4028A2B9D400DC1672 /* Release */,
			);
			defaultConfigurationIsVisible = 0;
			defaultConfigurationName = Release;
		};
/* End XCConfigurationList section */
	};
	rootObject = F1438F0628A2B9D300DC1672 /* Project object */;
}
